{
  "requires": true,
  "lockfileVersion": 1,
  "dependencies": {
    "mdbootstrap": {
      "version": "4.5.4",
      "resolved": "https://registry.npmjs.org/mdbootstrap/-/mdbootstrap-4.5.4.tgz",
      "integrity": "sha512-fxx3xjRoApxKx5JH/sDxoeWFuOWqQymSYA938Xw+ZUzBzH0xC3pvXlKVkopinusTHInECjkzERsA4+9uOqjr+A=="
    }
  }
}
